
Microsoft Visual Studio Solution File, Format Version 12.00
# Visual Studio Version 17
VisualStudioVersion = 17.13.35919.96 d17.13
MinimumVisualStudioVersion = 10.0.40219.1
Project("{FAE04EC0-301F-11D3-BF4B-00C04F79EFBC}") = "lab2DevOps", "lab2DevOps\lab2DevOps.csproj", "{07EB7E95-5F4C-4CE7-8D1D-CE2E28949F75}"
EndProject
Global
	GlobalSection(SolutionConfigurationPlatforms) = preSolution
		Debug|Any CPU = Debug|Any CPU
		Release|Any CPU = Release|Any CPU
	EndGlobalSection
	GlobalSection(ProjectConfigurationPlatforms) = postSolution
		{07EB7E95-5F4C-4CE7-8D1D-CE2E28949F75}.Debug|Any CPU.ActiveCfg = Debug|Any CPU
		{07EB7E95-5F4C-4CE7-8D1D-CE2E28949F75}.Debug|Any CPU.Build.0 = Debug|Any CPU
		{07EB7E95-5F4C-4CE7-8D1D-CE2E28949F75}.Release|Any CPU.ActiveCfg = Release|Any CPU
		{07EB7E95-5F4C-4CE7-8D1D-CE2E28949F75}.Release|Any CPU.Build.0 = Release|Any CPU
	EndGlobalSection
	GlobalSection(SolutionProperties) = preSolution
		HideSolutionNode = FALSE
	EndGlobalSection
	GlobalSection(ExtensibilityGlobals) = postSolution
		SolutionGuid = {B1054DE4-4F4D-487B-8D23-CEA4729AA89C}
	EndGlobalSection
EndGlobal
